
Microsoft Visual Studio Solution File, Format Version 12.00
# Visual Studio Version 17
VisualStudioVersion = 17.8.34330.188
MinimumVisualStudioVersion = 10.0.40219.1
Project("{FAE04EC0-301F-11D3-BF4B-00C04F79EFBC}") = "FormsApp", "FormsApp\FormsApp.csproj", "{941374D5-10FA-43E7-A66D-56937F1FF67B}"
EndProject
Global
	GlobalSection(SolutionConfigurationPlatforms) = preSolution
		Debug|Any CPU = Debug|Any CPU
		Release|Any CPU = Release|Any CPU
	EndGlobalSection
	GlobalSection(ProjectConfigurationPlatforms) = postSolution
		{941374D5-10FA-43E7-A66D-56937F1FF67B}.Debug|Any CPU.ActiveCfg = Debug|Any CPU
		{941374D5-10FA-43E7-A66D-56937F1FF67B}.Debug|Any CPU.Build.0 = Debug|Any CPU
		{941374D5-10FA-43E7-A66D-56937F1FF67B}.Release|Any CPU.ActiveCfg = Release|Any CPU
		{941374D5-10FA-43E7-A66D-56937F1FF67B}.Release|Any CPU.Build.0 = Release|Any CPU
	EndGlobalSection
	GlobalSection(SolutionProperties) = preSolution
		HideSolutionNode = FALSE
	EndGlobalSection
	GlobalSection(ExtensibilityGlobals) = postSolution
		SolutionGuid = {76E13ABB-90E7-4BDF-B64C-123A34A20F0B}
	EndGlobalSection
EndGlobal
